{
  "name": "com.lametric.time",
  "version": "1.0.0",
  "lockfileVersion": 1,
  "requires": true,
  "dependencies": {
    "homey-oauth2app": {
      "version": "3.0.5",
      "resolved": "https://registry.npmjs.org/homey-oauth2app/-/homey-oauth2app-3.0.5.tgz",
      "integrity": "sha512-Ohtm02rDboSQHM0jFFGuKmp3wfEO75eiPQGe34w3l75W2NxbLxMX9tynyIfOFFpKkroR3D3iGBE1gRi0HxTwhw==",
      "requires": {
        "node-fetch": "^2.3.0",
        "promise-queue": "^2.2.5"
      }
    },
    "http.min": {
      "version": "2.0.1",
      "resolved": "https://registry.npmjs.org/http.min/-/http.min-2.0.1.tgz",
      "integrity": "sha512-zNq+nEkGpIh+DcIcqhCWo204+Mj7d7eNgg/6r2DxgD47sU6W2En8TvOFgbooBL9ciljnvdSnE0Zv/N/XLQ/Rxw=="
    },
    "node-fetch": {
      "version": "2.6.1",
      "resolved": "https://registry.npmjs.org/node-fetch/-/node-fetch-2.6.1.tgz",
      "integrity": "sha512-V4aYg89jEoVRxRb2fJdAg8FHvI7cEyYdVAh94HH0UIK8oJxUfkjlDQN9RbMx+bEjP7+ggMiFRprSti032Oipxw=="
    },
    "promise-queue": {
      "version": "2.2.5",
      "resolved": "https://registry.npmjs.org/promise-queue/-/promise-queue-2.2.5.tgz",
      "integrity": "sha1-L29ffA9tCBCelnZZx5uIqe1ek7Q="
    }
  }
}
