{
  "name": "com.lametric.time",
  "version": "0.9.0",
  "lockfileVersion": 1,
  "requires": true,
  "dependencies": {
    "homey-oauth2app": {
      "version": "3.0.4",
      "resolved": "https://registry.npmjs.org/homey-oauth2app/-/homey-oauth2app-3.0.4.tgz",
      "integrity": "sha512-s11ovsNsgpuh2yRSzOCBmkvfCJy9QcEmsv5XonUl37D2FP2F86vfNScLcIdtv7PmBYh4PxKFBqnwzQLdddUVng==",
      "requires": {
        "node-fetch": "^2.3.0",
        "promise-queue": "^2.2.5"
      }
    },
    "http.min": {
      "version": "2.0.1",
      "resolved": "https://registry.npmjs.org/http.min/-/http.min-2.0.1.tgz",
      "integrity": "sha512-zNq+nEkGpIh+DcIcqhCWo204+Mj7d7eNgg/6r2DxgD47sU6W2En8TvOFgbooBL9ciljnvdSnE0Zv/N/XLQ/Rxw=="
    },
    "node-fetch": {
      "version": "2.6.1",
      "resolved": "https://registry.npmjs.org/node-fetch/-/node-fetch-2.6.1.tgz",
      "integrity": "sha512-V4aYg89jEoVRxRb2fJdAg8FHvI7cEyYdVAh94HH0UIK8oJxUfkjlDQN9RbMx+bEjP7+ggMiFRprSti032Oipxw=="
    },
    "promise-queue": {
      "version": "2.2.5",
      "resolved": "https://registry.npmjs.org/promise-queue/-/promise-queue-2.2.5.tgz",
      "integrity": "sha1-L29ffA9tCBCelnZZx5uIqe1ek7Q="
    }
  }
}
